// !$*UTF8*$!
{
	archiveVersion = 1;
	classes = {
	};
	objectVersion = 55;
	objects = {

/* Begin PBXBuildFile section */
		8E2D2F1627ED4221004EB256 /* AppDelegate.swift in Sources */ = {isa = PBXBuildFile; fileRef = 8E2D2F1527ED4221004EB256 /* AppDelegate.swift */; };
		8E2D2F1827ED4221004EB256 /* SceneDelegate.swift in Sources */ = {isa = PBXBuildFile; fileRef = 8E2D2F1727ED4221004EB256 /* SceneDelegate.swift */; };
		8E2D2F1A27ED4221004EB256 /* ViewController.swift in Sources */ = {isa = PBXBuildFile; fileRef = 8E2D2F1927ED4221004EB256 /* ViewController.swift */; };
		8E2D2F1D27ED4221004EB256 /* Main.storyboard in Resources */ = {isa = PBXBuildFile; fileRef = 8E2D2F1B27ED4221004EB256 /* Main.storyboard */; };
		8E2D2F1F27ED4222004EB256 /* Assets.xcassets in Resources */ = {isa = PBXBuildFile; fileRef = 8E2D2F1E27ED4222004EB256 /* Assets.xcassets */; };
		8E2D2F2227ED4222004EB256 /* LaunchScreen.storyboard in Resources */ = {isa = PBXBuildFile; fileRef = 8E2D2F2027ED4222004EB256 /* LaunchScreen.storyboard */; };
		8E2D2F2D27ED4222004EB256 /* calcuTests.swift in Sources */ = {isa = PBXBuildFile; fileRef = 8E2D2F2C27ED4222004EB256 /* calcuTests.swift */; };
		8E2D2F3727ED4222004EB256 /* calcuUITests.swift in Sources */ = {isa = PBXBuildFile; fileRef = 8E2D2F3627ED4222004EB256 /* calcuUITests.swift */; };
		8E2D2F3927ED4222004EB256 /* calcuUITestsLaunchTests.swift in Sources */ = {isa = PBXBuildFile; fileRef = 8E2D2F3827ED4222004EB256 /* calcuUITestsLaunchTests.swift */; };
/* End PBXBuildFile section */

/* Begin PBXContainerItemProxy section */
		8E2D2F2927ED4222004EB256 /* PBXContainerItemProxy */ = {
			isa = PBXContainerItemProxy;
			containerPortal = 8E2D2F0A27ED4221004EB256 /* Project object */;
			proxyType = 1;
			remoteGlobalIDString = 8E2D2F1127ED4221004EB256;
			remoteInfo = calcu;
		};
		8E2D2F3327ED4222004EB256 /* PBXContainerItemProxy */ = {
			isa = PBXContainerItemProxy;
			containerPortal = 8E2D2F0A27ED4221004EB256 /* Project object */;
			proxyType = 1;
			remoteGlobalIDString = 8E2D2F1127ED4221004EB256;
			remoteInfo = calcu;
		};
/* End PBXContainerItemProxy section */

/* Begin PBXFileReference section */
		8E2D2F1227ED4221004EB256 /* calcu.app */ = {isa = PBXFileReference; explicitFileType = wrapper.application; includeInIndex = 0; path = calcu.app; sourceTree = BUILT_PRODUCTS_DIR; };
		8E2D2F1527ED4221004EB256 /* AppDelegate.swift */ = {isa = PBXFileReference; lastKnownFileType = sourcecode.swift; path = AppDelegate.swift; sourceTree = "<group>"; };
		8E2D2F1727ED4221004EB256 /* SceneDelegate.swift */ = {isa = PBXFileReference; lastKnownFileType = sourcecode.swift; path = SceneDelegate.swift; sourceTree = "<group>"; };
		8E2D2F1927ED4221004EB256 /* ViewController.swift */ = {isa = PBXFileReference; lastKnownFileType = sourcecode.swift; path = ViewController.swift; sourceTree = "<group>"; };
		8E2D2F1C27ED4221004EB256 /* Base */ = {isa = PBXFileReference; lastKnownFileType = file.storyboard; name = Base; path = Base.lproj/Main.storyboard; sourceTree = "<group>"; };
		8E2D2F1E27ED4222004EB256 /* Assets.xcassets */ = {isa = PBXFileReference; lastKnownFileType = folder.assetcatalog; path = Assets.xcassets; sourceTree = "<group>"; };
		8E2D2F2127ED4222004EB256 /* Base */ = {isa = PBXFileReference; lastKnownFileType = file.storyboard; name = Base; path = Base.lproj/LaunchScreen.storyboard; sourceTree = "<group>"; };
		8E2D2F2327ED4222004EB256 /* Info.plist */ = {isa = PBXFileReference; lastKnownFileType = text.plist.xml; path = Info.plist; sourceTree = "<group>"; };
		8E2D2F2827ED4222004EB256 /* calcuTests.xctest */ = {isa = PBXFileReference; explicitFileType = wrapper.cfbundle; includeInIndex = 0; path = calcuTests.xctest; sourceTree = BUILT_PRODUCTS_DIR; };
		8E2D2F2C27ED4222004EB256 /* calcuTests.swift */ = {isa = PBXFileReference; lastKnownFileType = sourcecode.swift; path = calcuTests.swift; sourceTree = "<group>"; };
		8E2D2F3227ED4222004EB256 /* calcuUITests.xctest */ = {isa = PBXFileReference; explicitFileType = wrapper.cfbundle; includeInIndex = 0; path = calcuUITests.xctest; sourceTree = BUILT_PRODUCTS_DIR; };
		8E2D2F3627ED4222004EB256 /* calcuUITests.swift */ = {isa = PBXFileReference; lastKnownFileType = sourcecode.swift; path = calcuUITests.swift; sourceTree = "<group>"; };
		8E2D2F3827ED4222004EB256 /* calcuUITestsLaunchTests.swift */ = {isa = PBXFileReference; lastKnownFileType = sourcecode.swift; path = calcuUITestsLaunchTests.swift; sourceTree = "<group>"; };
/* End PBXFileReference section */

/* Begin PBXFrameworksBuildPhase section */
		8E2D2F0F27ED4221004EB256 /* Frameworks */ = {
			isa = PBXFrameworksBuildPhase;
			buildActionMask = 2147483647;
			files = (
			);
			runOnlyForDeploymentPostprocessing = 0;
		};
		8E2D2F2527ED4222004EB256 /* Frameworks */ = {
			isa = PBXFrameworksBuildPhase;
			buildActionMask = 2147483647;
			files = (
			);
			runOnlyForDeploymentPostprocessing = 0;
		};
		8E2D2F2F27ED4222004EB256 /* Frameworks */ = {
			isa = PBXFrameworksBuildPhase;
			buildActionMask = 2147483647;
			files = (
			);
			runOnlyForDeploymentPostprocessing = 0;
		};
/* End PBXFrameworksBuildPhase section */

/* Begin PBXGroup section */
		8E2D2F0927ED4221004EB256 = {
			isa = PBXGroup;
			children = (
				8E2D2F1427ED4221004EB256 /* calcu */,
				8E2D2F2B27ED4222004EB256 /* calcuTests */,
				8E2D2F3527ED4222004EB256 /* calcuUITests */,
				8E2D2F1327ED4221004EB256 /* Products */,
			);
			sourceTree = "<group>";
		};
		8E2D2F1327ED4221004EB256 /* Products */ = {
			isa = PBXGroup;
			children = (
				8E2D2F1227ED4221004EB256 /* calcu.app */,
				8E2D2F2827ED4222004EB256 /* calcuTests.xctest */,
				8E2D2F3227ED4222004EB256 /* calcuUITests.xctest */,
			);
			name = Products;
			sourceTree = "<group>";
		};
		8E2D2F1427ED4221004EB256 /* calcu */ = {
			isa = PBXGroup;
			children = (
				8E2D2F1527ED4221004EB256 /* AppDelegate.swift */,
				8E2D2F1727ED4221004EB256 /* SceneDelegate.swift */,
				8E2D2F1927ED4221004EB256 /* ViewController.swift */,
				8E2D2F1B27ED4221004EB256 /* Main.storyboard */,
				8E2D2F1E27ED4222004EB256 /* Assets.xcassets */,
				8E2D2F2027ED4222004EB256 /* LaunchScreen.storyboard */,
				8E2D2F2327ED4222004EB256 /* Info.plist */,
			);
			path = calcu;
			sourceTree = "<group>";
		};
		8E2D2F2B27ED4222004EB256 /* calcuTests */ = {
			isa = PBXGroup;
			children = (
				8E2D2F2C27ED4222004EB256 /* calcuTests.swift */,
			);
			path = calcuTests;
			sourceTree = "<group>";
		};
		8E2D2F3527ED4222004EB256 /* calcuUITests */ = {
			isa = PBXGroup;
			children = (
				8E2D2F3627ED4222004EB256 /* calcuUITests.swift */,
				8E2D2F3827ED4222004EB256 /* calcuUITestsLaunchTests.swift */,
			);
			path = calcuUITests;
			sourceTree = "<group>";
		};
/* End PBXGroup section */

/* Begin PBXNativeTarget section */
		8E2D2F1127ED4221004EB256 /* calcu */ = {
			isa = PBXNativeTarget;
			buildConfigurationList = 8E2D2F3C27ED4222004EB256 /* Build configuration list for PBXNativeTarget "calcu" */;
			buildPhases = (
				8E2D2F0E27ED4221004EB256 /* Sources */,
				8E2D2F0F27ED4221004EB256 /* Frameworks */,
				8E2D2F1027ED4221004EB256 /* Resources */,
			);
			buildRules = (
			);
			dependencies = (
			);
			name = calcu;
			productName = calcu;
			productReference = 8E2D2F1227ED4221004EB256 /* calcu.app */;
			productType = "com.apple.product-type.application";
		};
		8E2D2F2727ED4222004EB256 /* calcuTests */ = {
			isa = PBXNativeTarget;
			buildConfigurationList = 8E2D2F3F27ED4222004EB256 /* Build configuration list for PBXNativeTarget "calcuTests" */;
			buildPhases = (
				8E2D2F2427ED4222004EB256 /* Sources */,
				8E2D2F2527ED4222004EB256 /* Frameworks */,
				8E2D2F2627ED4222004EB256 /* Resources */,
			);
			buildRules = (
			);
			dependencies = (
				8E2D2F2A27ED4222004EB256 /* PBXTargetDependency */,
			);
			name = calcuTests;
			productName = calcuTests;
			productReference = 8E2D2F2827ED4222004EB256 /* calcuTests.xctest */;
			productType = "com.apple.product-type.bundle.unit-test";
		};
		8E2D2F3127ED4222004EB256 /* calcuUITests */ = {
			isa = PBXNativeTarget;
			buildConfigurationList = 8E2D2F4227ED4222004EB256 /* Build configuration list for PBXNativeTarget "calcuUITests" */;
			buildPhases = (
				8E2D2F2E27ED4222004EB256 /* Sources */,
				8E2D2F2F27ED4222004EB256 /* Frameworks */,
				8E2D2F3027ED4222004EB256 /* Resources */,
			);
			buildRules = (
			);
			dependencies = (
				8E2D2F3427ED4222004EB256 /* PBXTargetDependency */,
			);
			name = calcuUITests;
			productName = calcuUITests;
			productReference = 8E2D2F3227ED4222004EB256 /* calcuUITests.xctest */;
			productType = "com.apple.product-type.bundle.ui-testing";
		};
/* End PBXNativeTarget section */

/* Begin PBXProject section */
		8E2D2F0A27ED4221004EB256 /* Project object */ = {
			isa = PBXProject;
			attributes = {
				BuildIndependentTargetsInParallel = 1;
				LastSwiftUpdateCheck = 1330;
				LastUpgradeCheck = 1330;
				TargetAttributes = {
					8E2D2F1127ED4221004EB256 = {
						CreatedOnToolsVersion = 13.3;
					};
					8E2D2F2727ED4222004EB256 = {
						CreatedOnToolsVersion = 13.3;
						TestTargetID = 8E2D2F1127ED4221004EB256;
					};
					8E2D2F3127ED4222004EB256 = {
						CreatedOnToolsVersion = 13.3;
						TestTargetID = 8E2D2F1127ED4221004EB256;
					};
				};
			};
			buildConfigurationList = 8E2D2F0D27ED4221004EB256 /* Build configuration list for PBXProject "calcu" */;
			compatibilityVersion = "Xcode 13.0";
			developmentRegion = en;
			hasScannedForEncodings = 0;
			knownRegions = (
				en,
				Base,
			);
			mainGroup = 8E2D2F0927ED4221004EB256;
			productRefGroup = 8E2D2F1327ED4221004EB256 /* Products */;
			projectDirPath = "";
			projectRoot = "";
			targets = (
				8E2D2F1127ED4221004EB256 /* calcu */,
				8E2D2F2727ED4222004EB256 /* calcuTests */,
				8E2D2F3127ED4222004EB256 /* calcuUITests */,
			);
		};
/* End PBXProject section */

/* Begin PBXResourcesBuildPhase section */
		8E2D2F1027ED4221004EB256 /* Resources */ = {
			isa = PBXResourcesBuildPhase;
			buildActionMask = 2147483647;
			files = (
				8E2D2F2227ED4222004EB256 /* LaunchScreen.storyboard in Resources */,
				8E2D2F1F27ED4222004EB256 /* Assets.xcassets in Resources */,
				8E2D2F1D27ED4221004EB256 /* Main.storyboard in Resources */,
			);
			runOnlyForDeploymentPostprocessing = 0;
		};
		8E2D2F2627ED4222004EB256 /* Resources */ = {
			isa = PBXResourcesBuildPhase;
			buildActionMask = 2147483647;
			files = (
			);
			runOnlyForDeploymentPostprocessing = 0;
		};
		8E2D2F3027ED4222004EB256 /* Resources */ = {
			isa = PBXResourcesBuildPhase;
			buildActionMask = 2147483647;
			files = (
			);
			runOnlyForDeploymentPostprocessing = 0;
		};
/* End PBXResourcesBuildPhase section */

/* Begin PBXSourcesBuildPhase section */
		8E2D2F0E27ED4221004EB256 /* Sources */ = {
			isa = PBXSourcesBuildPhase;
			buildActionMask = 2147483647;
			files = (
				8E2D2F1A27ED4221004EB256 /* ViewController.swift in Sources */,
				8E2D2F1627ED4221004EB256 /* AppDelegate.swift in Sources */,
				8E2D2F1827ED4221004EB256 /* SceneDelegate.swift in Sources */,
			);
			runOnlyForDeploymentPostprocessing = 0;
		};
		8E2D2F2427ED4222004EB256 /* Sources */ = {
			isa = PBXSourcesBuildPhase;
			buildActionMask = 2147483647;
			files = (
				8E2D2F2D27ED4222004EB256 /* calcuTests.swift in Sources */,
			);
			runOnlyForDeploymentPostprocessing = 0;
		};
		8E2D2F2E27ED4222004EB256 /* Sources */ = {
			isa = PBXSourcesBuildPhase;
			buildActionMask = 2147483647;
			files = (
				8E2D2F3727ED4222004EB256 /* calcuUITests.swift in Sources */,
				8E2D2F3927ED4222004EB256 /* calcuUITestsLaunchTests.swift in Sources */,
			);
			runOnlyForDeploymentPostprocessing = 0;
		};
/* End PBXSourcesBuildPhase section */

/* Begin PBXTargetDependency section */
		8E2D2F2A27ED4222004EB256 /* PBXTargetDependency */ = {
			isa = PBXTargetDependency;
			target = 8E2D2F1127ED4221004EB256 /* calcu */;
			targetProxy = 8E2D2F2927ED4222004EB256 /* PBXContainerItemProxy */;
		};
		8E2D2F3427ED4222004EB256 /* PBXTargetDependency */ = {
			isa = PBXTargetDependency;
			target = 8E2D2F1127ED4221004EB256 /* calcu */;
			targetProxy = 8E2D2F3327ED4222004EB256 /* PBXContainerItemProxy */;
		};
/* End PBXTargetDependency section */

/* Begin PBXVariantGroup section */
		8E2D2F1B27ED4221004EB256 /* Main.storyboard */ = {
			isa = PBXVariantGroup;
			children = (
				8E2D2F1C27ED4221004EB256 /* Base */,
			);
			name = Main.storyboard;
			sourceTree = "<group>";
		};
		8E2D2F2027ED4222004EB256 /* LaunchScreen.storyboard */ = {
			isa = PBXVariantGroup;
			children = (
				8E2D2F2127ED4222004EB256 /* Base */,
			);
			name = LaunchScreen.storyboard;
			sourceTree = "<group>";
		};
/* End PBXVariantGroup section */

/* Begin XCBuildConfiguration section */
		8E2D2F3A27ED4222004EB256 /* Debug */ = {
			isa = XCBuildConfiguration;
			buildSettings = {
				ALWAYS_SEARCH_USER_PATHS = NO;
				CLANG_ANALYZER_NONNULL = YES;
				CLANG_ANALYZER_NUMBER_OBJECT_CONVERSION = YES_AGGRESSIVE;
				CLANG_CXX_LANGUAGE_STANDARD = "gnu++17";
				CLANG_ENABLE_MODULES = YES;
				CLANG_ENABLE_OBJC_ARC = YES;
				CLANG_ENABLE_OBJC_WEAK = YES;
				CLANG_WARN_BLOCK_CAPTURE_AUTORELEASING = YES;
				CLANG_WARN_BOOL_CONVERSION = YES;
				CLANG_WARN_COMMA = YES;
				CLANG_WARN_CONSTANT_CONVERSION = YES;
				CLANG_WARN_DEPRECATED_OBJC_IMPLEMENTATIONS = YES;
				CLANG_WARN_DIRECT_OBJC_ISA_USAGE = YES_ERROR;
				CLANG_WARN_DOCUMENTATION_COMMENTS = YES;
				CLANG_WARN_EMPTY_BODY = YES;
				CLANG_WARN_ENUM_CONVERSION = YES;
				CLANG_WARN_INFINITE_RECURSION = YES;
				CLANG_WARN_INT_CONVERSION = YES;
				CLANG_WARN_NON_LITERAL_NULL_CONVERSION = YES;
				CLANG_WARN_OBJC_IMPLICIT_RETAIN_SELF = YES;
				CLANG_WARN_OBJC_LITERAL_CONVERSION = YES;
				CLANG_WARN_OBJC_ROOT_CLASS = YES_ERROR;
				CLANG_WARN_QUOTED_INCLUDE_IN_FRAMEWORK_HEADER = YES;
				CLANG_WARN_RANGE_LOOP_ANALYSIS = YES;
				CLANG_WARN_STRICT_PROTOTYPES = YES;
				CLANG_WARN_SUSPICIOUS_MOVE = YES;
				CLANG_WARN_UNGUARDED_AVAILABILITY = YES_AGGRESSIVE;
				CLANG_WARN_UNREACHABLE_CODE = YES;
				CLANG_WARN__DUPLICATE_METHOD_MATCH = YES;
				COPY_PHASE_STRIP = NO;
				DEBUG_INFORMATION_FORMAT = dwarf;
				ENABLE_STRICT_OBJC_MSGSEND = YES;
				ENABLE_TESTABILITY = YES;
				GCC_C_LANGUAGE_STANDARD = gnu11;
				GCC_DYNAMIC_NO_PIC = NO;
				GCC_NO_COMMON_BLOCKS = YES;
				GCC_OPTIMIZATION_LEVEL = 0;
				GCC_PREPROCESSOR_DEFINITIONS = (
					"DEBUG=1",
					"$(inherited)",
				);
				GCC_WARN_64_TO_32_BIT_CONVERSION = YES;
				GCC_WARN_ABOUT_RETURN_TYPE = YES_ERROR;
				GCC_WARN_UNDECLARED_SELECTOR = YES;
				GCC_WARN_UNINITIALIZED_AUTOS = YES_AGGRESSIVE;
				GCC_WARN_UNUSED_FUNCTION = YES;
				GCC_WARN_UNUSED_VARIABLE = YES;
				IPHONEOS_DEPLOYMENT_TARGET = 15.4;
				MTL_ENABLE_DEBUG_INFO = INCLUDE_SOURCE;
				MTL_FAST_MATH = YES;
				ONLY_ACTIVE_ARCH = YES;
				SDKROOT = iphoneos;
				SWIFT_ACTIVE_COMPILATION_CONDITIONS = DEBUG;
				SWIFT_OPTIMIZATION_LEVEL = "-Onone";
			};
			name = Debug;
		};
		8E2D2F3B27ED4222004EB256 /* Release */ = {
			isa = XCBuildConfiguration;
			buildSettings = {
				ALWAYS_SEARCH_USER_PATHS = NO;
				CLANG_ANALYZER_NONNULL = YES;
				CLANG_ANALYZER_NUMBER_OBJECT_CONVERSION = YES_AGGRESSIVE;
				CLANG_CXX_LANGUAGE_STANDARD = "gnu++17";
				CLANG_ENABLE_MODULES = YES;
				CLANG_ENABLE_OBJC_ARC = YES;
				CLANG_ENABLE_OBJC_WEAK = YES;
				CLANG_WARN_BLOCK_CAPTURE_AUTORELEASING = YES;
				CLANG_WARN_BOOL_CONVERSION = YES;
				CLANG_WARN_COMMA = YES;
				CLANG_WARN_CONSTANT_CONVERSION = YES;
				CLANG_WARN_DEPRECATED_OBJC_IMPLEMENTATIONS = YES;
				CLANG_WARN_DIRECT_OBJC_ISA_USAGE = YES_ERROR;
				CLANG_WARN_DOCUMENTATION_COMMENTS = YES;
				CLANG_WARN_EMPTY_BODY = YES;
				CLANG_WARN_ENUM_CONVERSION = YES;
				CLANG_WARN_INFINITE_RECURSION = YES;
				CLANG_WARN_INT_CONVERSION = YES;
				CLANG_WARN_NON_LITERAL_NULL_CONVERSION = YES;
				CLANG_WARN_OBJC_IMPLICIT_RETAIN_SELF = YES;
				CLANG_WARN_OBJC_LITERAL_CONVERSION = YES;
				CLANG_WARN_OBJC_ROOT_CLASS = YES_ERROR;
				CLANG_WARN_QUOTED_INCLUDE_IN_FRAMEWORK_HEADER = YES;
				CLANG_WARN_RANGE_LOOP_ANALYSIS = YES;
				CLANG_WARN_STRICT_PROTOTYPES = YES;
				CLANG_WARN_SUSPICIOUS_MOVE = YES;
				CLANG_WARN_UNGUARDED_AVAILABILITY = YES_AGGRESSIVE;
				CLANG_WARN_UNREACHABLE_CODE = YES;
				CLANG_WARN__DUPLICATE_METHOD_MATCH = YES;
				COPY_PHASE_STRIP = NO;
				DEBUG_INFORMATION_FORMAT = "dwarf-with-dsym";
				ENABLE_NS_ASSERTIONS = NO;
				ENABLE_STRICT_OBJC_MSGSEND = YES;
				GCC_C_LANGUAGE_STANDARD = gnu11;
				GCC_NO_COMMON_BLOCKS = YES;
				GCC_WARN_64_TO_32_BIT_CONVERSION = YES;
				GCC_WARN_ABOUT_RETURN_TYPE = YES_ERROR;
				GCC_WARN_UNDECLARED_SELECTOR = YES;
				GCC_WARN_UNINITIALIZED_AUTOS = YES_AGGRESSIVE;
				GCC_WARN_UNUSED_FUNCTION = YES;
				GCC_WARN_UNUSED_VARIABLE = YES;
				IPHONEOS_DEPLOYMENT_TARGET = 15.4;
				MTL_ENABLE_DEBUG_INFO = NO;
				MTL_FAST_MATH = YES;
				SDKROOT = iphoneos;
				SWIFT_COMPILATION_MODE = wholemodule;
				SWIFT_OPTIMIZATION_LEVEL = "-O";
				VALIDATE_PRODUCT = YES;
			};
			name = Release;
		};
		8E2D2F3D27ED4222004EB256 /* Debug */ = {
			isa = XCBuildConfiguration;
			buildSettings = {
				ASSETCATALOG_COMPILER_APPICON_NAME = AppIcon;
				ASSETCATALOG_COMPILER_GLOBAL_ACCENT_COLOR_NAME = AccentColor;
				CODE_SIGN_STYLE = Automatic;
				CURRENT_PROJECT_VERSION = 1;
				GENERATE_INFOPLIST_FILE = YES;
				INFOPLIST_FILE = calcu/Info.plist;
				INFOPLIST_KEY_UIApplicationSupportsIndirectInputEvents = YES;
				INFOPLIST_KEY_UILaunchStoryboardName = LaunchScreen;
				INFOPLIST_KEY_UIMainStoryboardFile = Main;
				INFOPLIST_KEY_UISupportedInterfaceOrientations_iPad = "UIInterfaceOrientationPortrait UIInterfaceOrientationPortraitUpsideDown UIInterfaceOrientationLandscapeLeft UIInterfaceOrientationLandscapeRight";
				INFOPLIST_KEY_UISupportedInterfaceOrientations_iPhone = "UIInterfaceOrientationPortrait UIInterfaceOrientationLandscapeLeft UIInterfaceOrientationLandscapeRight";
				LD_RUNPATH_SEARCH_PATHS = (
					"$(inherited)",
					"@executable_path/Frameworks",
				);
				MARKETING_VERSION = 1.0;
				PRODUCT_BUNDLE_IDENTIFIER = com.learning.tutorials.calcu;
				PRODUCT_NAME = "$(TARGET_NAME)";
				SWIFT_EMIT_LOC_STRINGS = YES;
				SWIFT_VERSION = 5.0;
				TARGETED_DEVICE_FAMILY = "1,2";
			};
			name = Debug;
		};
		8E2D2F3E27ED4222004EB256 /* Release */ = {
			isa = XCBuildConfiguration;
			buildSettings = {
				ASSETCATALOG_COMPILER_APPICON_NAME = AppIcon;
				ASSETCATALOG_COMPILER_GLOBAL_ACCENT_COLOR_NAME = AccentColor;
				CODE_SIGN_STYLE = Automatic;
				CURRENT_PROJECT_VERSION = 1;
				GENERATE_INFOPLIST_FILE = YES;
				INFOPLIST_FILE = calcu/Info.plist;
				INFOPLIST_KEY_UIApplicationSupportsIndirectInputEvents = YES;
				INFOPLIST_KEY_UILaunchStoryboardName = LaunchScreen;
				INFOPLIST_KEY_UIMainStoryboardFile = Main;
				INFOPLIST_KEY_UISupportedInterfaceOrientations_iPad = "UIInterfaceOrientationPortrait UIInterfaceOrientationPortraitUpsideDown UIInterfaceOrientationLandscapeLeft UIInterfaceOrientationLandscapeRight";
				INFOPLIST_KEY_UISupportedInterfaceOrientations_iPhone = "UIInterfaceOrientationPortrait UIInterfaceOrientationLandscapeLeft UIInterfaceOrientationLandscapeRight";
				LD_RUNPATH_SEARCH_PATHS = (
					"$(inherited)",
					"@executable_path/Frameworks",
				);
				MARKETING_VERSION = 1.0;
				PRODUCT_BUNDLE_IDENTIFIER = com.learning.tutorials.calcu;
				PRODUCT_NAME = "$(TARGET_NAME)";
				SWIFT_EMIT_LOC_STRINGS = YES;
				SWIFT_VERSION = 5.0;
				TARGETED_DEVICE_FAMILY = "1,2";
			};
			name = Release;
		};
		8E2D2F4027ED4222004EB256 /* Debug */ = {
			isa = XCBuildConfiguration;
			buildSettings = {
				ALWAYS_EMBED_SWIFT_STANDARD_LIBRARIES = YES;
				BUNDLE_LOADER = "$(TEST_HOST)";
				CODE_SIGN_STYLE = Automatic;
				CURRENT_PROJECT_VERSION = 1;
				GENERATE_INFOPLIST_FILE = YES;
				IPHONEOS_DEPLOYMENT_TARGET = 15.4;
				MARKETING_VERSION = 1.0;
				PRODUCT_BUNDLE_IDENTIFIER = com.learning.tutorials.calcuTests;
				PRODUCT_NAME = "$(TARGET_NAME)";
				SWIFT_EMIT_LOC_STRINGS = NO;
				SWIFT_VERSION = 5.0;
				TARGETED_DEVICE_FAMILY = "1,2";
				TEST_HOST = "$(BUILT_PRODUCTS_DIR)/calcu.app/calcu";
			};
			name = Debug;
		};
		8E2D2F4127ED4222004EB256 /* Release */ = {
			isa = XCBuildConfiguration;
			buildSettings = {
				ALWAYS_EMBED_SWIFT_STANDARD_LIBRARIES = YES;
				BUNDLE_LOADER = "$(TEST_HOST)";
				CODE_SIGN_STYLE = Automatic;
				CURRENT_PROJECT_VERSION = 1;
				GENERATE_INFOPLIST_FILE = YES;
				IPHONEOS_DEPLOYMENT_TARGET = 15.4;
				MARKETING_VERSION = 1.0;
				PRODUCT_BUNDLE_IDENTIFIER = com.learning.tutorials.calcuTests;
				PRODUCT_NAME = "$(TARGET_NAME)";
				SWIFT_EMIT_LOC_STRINGS = NO;
				SWIFT_VERSION = 5.0;
				TARGETED_DEVICE_FAMILY = "1,2";
				TEST_HOST = "$(BUILT_PRODUCTS_DIR)/calcu.app/calcu";
			};
			name = Release;
		};
		8E2D2F4327ED4222004EB256 /* Debug */ = {
			isa = XCBuildConfiguration;
			buildSettings = {
				ALWAYS_EMBED_SWIFT_STANDARD_LIBRARIES = YES;
				CODE_SIGN_STYLE = Automatic;
				CURRENT_PROJECT_VERSION = 1;
				GENERATE_INFOPLIST_FILE = YES;
				MARKETING_VERSION = 1.0;
				PRODUCT_BUNDLE_IDENTIFIER = com.learning.tutorials.calcuUITests;
				PRODUCT_NAME = "$(TARGET_NAME)";
				SWIFT_EMIT_LOC_STRINGS = NO;
				SWIFT_VERSION = 5.0;
				TARGETED_DEVICE_FAMILY = "1,2";
				TEST_TARGET_NAME = calcu;
			};
			name = Debug;
		};
		8E2D2F4427ED4222004EB256 /* Release */ = {
			isa = XCBuildConfiguration;
			buildSettings = {
				ALWAYS_EMBED_SWIFT_STANDARD_LIBRARIES = YES;
				CODE_SIGN_STYLE = Automatic;
				CURRENT_PROJECT_VERSION = 1;
				GENERATE_INFOPLIST_FILE = YES;
				MARKETING_VERSION = 1.0;
				PRODUCT_BUNDLE_IDENTIFIER = com.learning.tutorials.calcuUITests;
				PRODUCT_NAME = "$(TARGET_NAME)";
				SWIFT_EMIT_LOC_STRINGS = NO;
				SWIFT_VERSION = 5.0;
				TARGETED_DEVICE_FAMILY = "1,2";
				TEST_TARGET_NAME = calcu;
			};
			name = Release;
		};
/* End XCBuildConfiguration section */

/* Begin XCConfigurationList section */
		8E2D2F0D27ED4221004EB256 /* Build configuration list for PBXProject "calcu" */ = {
			isa = XCConfigurationList;
			buildConfigurations = (
				8E2D2F3A27ED4222004EB256 /* Debug */,
				8E2D2F3B27ED4222004EB256 /* Release */,
			);
			defaultConfigurationIsVisible = 0;
			defaultConfigurationName = Release;
		};
		8E2D2F3C27ED4222004EB256 /* Build configuration list for PBXNativeTarget "calcu" */ = {
			isa = XCConfigurationList;
			buildConfigurations = (
				8E2D2F3D27ED4222004EB256 /* Debug */,
				8E2D2F3E27ED4222004EB256 /* Release */,
			);
			defaultConfigurationIsVisible = 0;
			defaultConfigurationName = Release;
		};
		8E2D2F3F27ED4222004EB256 /* Build configuration list for PBXNativeTarget "calcuTests" */ = {
			isa = XCConfigurationList;
			buildConfigurations = (
				8E2D2F4027ED4222004EB256 /* Debug */,
				8E2D2F4127ED4222004EB256 /* Release */,
			);
			defaultConfigurationIsVisible = 0;
			defaultConfigurationName = Release;
		};
		8E2D2F4227ED4222004EB256 /* Build configuration list for PBXNativeTarget "calcuUITests" */ = {
			isa = XCConfigurationList;
			buildConfigurations = (
				8E2D2F4327ED4222004EB256 /* Debug */,
				8E2D2F4427ED4222004EB256 /* Release */,
			);
			defaultConfigurationIsVisible = 0;
			defaultConfigurationName = Release;
		};
/* End XCConfigurationList section */
	};
	rootObject = 8E2D2F0A27ED4221004EB256 /* Project object */;
}
